
Microsoft Visual Studio Solution File, Format Version 12.00
# Visual Studio Version 17
VisualStudioVersion = 17.3.32922.545
MinimumVisualStudioVersion = 10.0.40219.1
Project("{FAE04EC0-301F-11D3-BF4B-00C04F79EFBC}") = "BinarySearchTree", "BinarySearchTree\BinarySearchTree.csproj", "{D5FB90B6-5178-4D1D-9BE3-D0478B7C72C1}"
EndProject
Global
	GlobalSection(SolutionConfigurationPlatforms) = preSolution
		Debug|Any CPU = Debug|Any CPU
		Release|Any CPU = Release|Any CPU
	EndGlobalSection
	GlobalSection(ProjectConfigurationPlatforms) = postSolution
		{D5FB90B6-5178-4D1D-9BE3-D0478B7C72C1}.Debug|Any CPU.ActiveCfg = Debug|Any CPU
		{D5FB90B6-5178-4D1D-9BE3-D0478B7C72C1}.Debug|Any CPU.Build.0 = Debug|Any CPU
		{D5FB90B6-5178-4D1D-9BE3-D0478B7C72C1}.Release|Any CPU.ActiveCfg = Release|Any CPU
		{D5FB90B6-5178-4D1D-9BE3-D0478B7C72C1}.Release|Any CPU.Build.0 = Release|Any CPU
	EndGlobalSection
	GlobalSection(SolutionProperties) = preSolution
		HideSolutionNode = FALSE
	EndGlobalSection
	GlobalSection(ExtensibilityGlobals) = postSolution
		SolutionGuid = {F0D70B00-F027-4E5D-A169-CD66E1548BD2}
	EndGlobalSection
EndGlobal
